
Microsoft Visual Studio Solution File, Format Version 12.00
# Visual Studio Version 16
VisualStudioVersion = 16.0.29324.140
MinimumVisualStudioVersion = 10.0.40219.1
Project("{FAE04EC0-301F-11D3-BF4B-00C04F79EFBC}") = "RMDataManager", "RMDataManager\RMDataManager.csproj", "{6BEF6173-500C-409D-903A-EB1DFDCA5DBB}"
EndProject
Project("{00D1A9C2-B5F0-4AF3-8072-F6C62B433612}") = "RMData", "RMData\RMData.sqlproj", "{894E6913-286C-450B-A44B-5DB75EA734CA}"
EndProject
Project("{FAE04EC0-301F-11D3-BF4B-00C04F79EFBC}") = "RMDesktopUI", "RMDesktopUI\RMDesktopUI.csproj", "{EE030298-BF2F-4FFE-952E-A362F9C3C1D6}"
EndProject
Global
	GlobalSection(SolutionConfigurationPlatforms) = preSolution
		Debug|Any CPU = Debug|Any CPU
		Release|Any CPU = Release|Any CPU
	EndGlobalSection
	GlobalSection(ProjectConfigurationPlatforms) = postSolution
		{6BEF6173-500C-409D-903A-EB1DFDCA5DBB}.Debug|Any CPU.ActiveCfg = Debug|Any CPU
		{6BEF6173-500C-409D-903A-EB1DFDCA5DBB}.Debug|Any CPU.Build.0 = Debug|Any CPU
		{6BEF6173-500C-409D-903A-EB1DFDCA5DBB}.Release|Any CPU.ActiveCfg = Release|Any CPU
		{6BEF6173-500C-409D-903A-EB1DFDCA5DBB}.Release|Any CPU.Build.0 = Release|Any CPU
		{894E6913-286C-450B-A44B-5DB75EA734CA}.Debug|Any CPU.ActiveCfg = Debug|Any CPU
		{894E6913-286C-450B-A44B-5DB75EA734CA}.Debug|Any CPU.Build.0 = Debug|Any CPU
		{894E6913-286C-450B-A44B-5DB75EA734CA}.Debug|Any CPU.Deploy.0 = Debug|Any CPU
		{894E6913-286C-450B-A44B-5DB75EA734CA}.Release|Any CPU.ActiveCfg = Release|Any CPU
		{894E6913-286C-450B-A44B-5DB75EA734CA}.Release|Any CPU.Build.0 = Release|Any CPU
		{894E6913-286C-450B-A44B-5DB75EA734CA}.Release|Any CPU.Deploy.0 = Release|Any CPU
		{EE030298-BF2F-4FFE-952E-A362F9C3C1D6}.Debug|Any CPU.ActiveCfg = Debug|Any CPU
		{EE030298-BF2F-4FFE-952E-A362F9C3C1D6}.Debug|Any CPU.Build.0 = Debug|Any CPU
		{EE030298-BF2F-4FFE-952E-A362F9C3C1D6}.Release|Any CPU.ActiveCfg = Release|Any CPU
		{EE030298-BF2F-4FFE-952E-A362F9C3C1D6}.Release|Any CPU.Build.0 = Release|Any CPU
	EndGlobalSection
	GlobalSection(SolutionProperties) = preSolution
		HideSolutionNode = FALSE
	EndGlobalSection
	GlobalSection(ExtensibilityGlobals) = postSolution
		SolutionGuid = {9DE1FDA9-1734-4A7B-B30A-9DC080568045}
	EndGlobalSection
EndGlobal
